// !$*UTF8*$!
{
	archiveVersion = 1;
	classes = {
	};
	objectVersion = 51;
	objects = {

/* Begin PBXBuildFile section */
		4B62FA7A29DC48BE00DF6B85 /* PerseusLogger.swift in Sources */ = {isa = PBXBuildFile; fileRef = 4B62FA7929DC48BE00DF6B85 /* PerseusLogger.swift */; };
		4B6B3743298E29B50003AF01 /* AppDelegate.swift in Sources */ = {isa = PBXBuildFile; fileRef = 4B6B3742298E29B50003AF01 /* AppDelegate.swift */; };
		4B7EABEA298CC2210063172D /* PerseusUISystemKitSingle.swift in Sources */ = {isa = PBXBuildFile; fileRef = 4B7EABE9298CC2210063172D /* PerseusUISystemKitSingle.swift */; };
		4B7EABEE298D6DDF0063172D /* CI.yml in Resources */ = {isa = PBXBuildFile; fileRef = 4B7EABED298D6DDF0063172D /* CI.yml */; };
		4B8275562990F70F00C84692 /* DetailsViewController.storyboard in Resources */ = {isa = PBXBuildFile; fileRef = 4B8275552990F70F00C84692 /* DetailsViewController.storyboard */; };
		4B82755A2992BB1600C84692 /* MemberTableViewCell.xib in Resources */ = {isa = PBXBuildFile; fileRef = 4B8275592992BB1600C84692 /* MemberTableViewCell.xib */; };
		4B82755D29939CD100C84692 /* ColorTableViewCell.swift in Sources */ = {isa = PBXBuildFile; fileRef = 4B82755B29939CD100C84692 /* ColorTableViewCell.swift */; };
		4B82755E29939CD100C84692 /* ColorTableViewCell.xib in Resources */ = {isa = PBXBuildFile; fileRef = 4B82755C29939CD100C84692 /* ColorTableViewCell.xib */; };
		E02381E527BD3661008A03CA /* SemanticsViewController.storyboard in Resources */ = {isa = PBXBuildFile; fileRef = E02381E427BD3661008A03CA /* SemanticsViewController.storyboard */; };
		E02381E727BD367B008A03CA /* SemanticsViewController.swift in Sources */ = {isa = PBXBuildFile; fileRef = E02381E627BD367B008A03CA /* SemanticsViewController.swift */; };
		E03080322859125800E19E30 /* .gitignore in Resources */ = {isa = PBXBuildFile; fileRef = E03080312859125800E19E30 /* .gitignore */; };
		E03080342859126100E19E30 /* .swiftlint.yml in Resources */ = {isa = PBXBuildFile; fileRef = E03080332859126100E19E30 /* .swiftlint.yml */; };
		E03450F027C368F70071443E /* CustomColors.swift in Sources */ = {isa = PBXBuildFile; fileRef = E03450EF27C368F70071443E /* CustomColors.swift */; };
		E03450F227C36F870071443E /* HelpFunctions.swift in Sources */ = {isa = PBXBuildFile; fileRef = E03450F127C36F870071443E /* HelpFunctions.swift */; };
		E03786D4280E7BE200C6C1B8 /* Settings.bundle in Resources */ = {isa = PBXBuildFile; fileRef = E03786D3280E7BE200C6C1B8 /* Settings.bundle */; };
		E0761ADF27BB8BCD009E6AA5 /* DarkModePanel.swift in Sources */ = {isa = PBXBuildFile; fileRef = E0761ADE27BB8BCD009E6AA5 /* DarkModePanel.swift */; };
		E0761AE127BB8BF6009E6AA5 /* DarkModePanel.xib in Resources */ = {isa = PBXBuildFile; fileRef = E0761AE027BB8BF6009E6AA5 /* DarkModePanel.xib */; };
		E07727C3280A7E4300D4A3A9 /* SemanticColorsViewList.swift in Sources */ = {isa = PBXBuildFile; fileRef = E07727C2280A7E4300D4A3A9 /* SemanticColorsViewList.swift */; };
		E07C0F2227BBA00000888456 /* MainViewController.storyboard in Resources */ = {isa = PBXBuildFile; fileRef = E07C0F2027BBA00000888456 /* MainViewController.storyboard */; };
		E09183C127BD495500475D2B /* SystemColorsViewController.swift in Sources */ = {isa = PBXBuildFile; fileRef = E09183C027BD495500475D2B /* SystemColorsViewController.swift */; };
		E09183C527BD4CEF00475D2B /* SemanticColorsViewController.swift in Sources */ = {isa = PBXBuildFile; fileRef = E09183C427BD4CEF00475D2B /* SemanticColorsViewController.swift */; };
		E09183C727BD4D4500475D2B /* DynamicsViewController.swift in Sources */ = {isa = PBXBuildFile; fileRef = E09183C627BD4D4500475D2B /* DynamicsViewController.swift */; };
		E095388D27B36E7800AAAAAA /* main.swift in Sources */ = {isa = PBXBuildFile; fileRef = E095388C27B36E7800AAAAAA /* main.swift */; };
		E095389127B36E7800AAAAAA /* MainViewController.swift in Sources */ = {isa = PBXBuildFile; fileRef = E095389027B36E7800AAAAAA /* MainViewController.swift */; };
		E095389627B36E7B00AAAAAA /* Assets.xcassets in Resources */ = {isa = PBXBuildFile; fileRef = E095389527B36E7B00AAAAAA /* Assets.xcassets */; };
		E095389927B36E7B00AAAAAA /* LaunchScreen.storyboard in Resources */ = {isa = PBXBuildFile; fileRef = E095389727B36E7B00AAAAAA /* LaunchScreen.storyboard */; };
		E09538A427B36E7B00AAAAAA /* DarkModeDiscoveryTests.swift in Sources */ = {isa = PBXBuildFile; fileRef = E09538A327B36E7B00AAAAAA /* DarkModeDiscoveryTests.swift */; };
		E09538BE27B36E9400AAAAAA /* LICENSE in Resources */ = {isa = PBXBuildFile; fileRef = E09538BC27B36E9400AAAAAA /* LICENSE */; };
		E09538BF27B36E9400AAAAAA /* README.md in Resources */ = {isa = PBXBuildFile; fileRef = E09538BD27B36E9400AAAAAA /* README.md */; };
		E09538C127B36ECA00AAAAAA /* TestingAppDelegate.swift in Sources */ = {isa = PBXBuildFile; fileRef = E09538C027B36ECA00AAAAAA /* TestingAppDelegate.swift */; };
		E0A0841627FAF4F50010A55D /* HexColorConverter.swift in Sources */ = {isa = PBXBuildFile; fileRef = E0A0841527FAF4F50010A55D /* HexColorConverter.swift */; };
		E0A0841827FAF68A0010A55D /* ColorConverterViewController.swift in Sources */ = {isa = PBXBuildFile; fileRef = E0A0841727FAF68A0010A55D /* ColorConverterViewController.swift */; };
		E0A3582027B93FA900472F95 /* MemberTableViewCell.swift in Sources */ = {isa = PBXBuildFile; fileRef = E0A3581F27B93FA900472F95 /* MemberTableViewCell.swift */; };
		E0A3582427B9611300472F95 /* DetailsViewController.swift in Sources */ = {isa = PBXBuildFile; fileRef = E0A3582327B9611300472F95 /* DetailsViewController.swift */; };
		E0B3CA8427B81D6C00B8CE61 /* members.json in Resources */ = {isa = PBXBuildFile; fileRef = E0B3CA8127B81D6C00B8CE61 /* members.json */; };
		E0B3CA8527B81D6C00B8CE61 /* Member.swift in Sources */ = {isa = PBXBuildFile; fileRef = E0B3CA8227B81D6C00B8CE61 /* Member.swift */; };
		E0B3CA8627B81D6C00B8CE61 /* Race.swift in Sources */ = {isa = PBXBuildFile; fileRef = E0B3CA8327B81D6C00B8CE61 /* Race.swift */; };
		E0CB98CE2833BE5800EAF403 /* DarkModeFunctions.swift in Sources */ = {isa = PBXBuildFile; fileRef = E0CB98CD2833BE5800EAF403 /* DarkModeFunctions.swift */; };
		E0FD2D3E27FD915800DC5405 /* SystemColorsViewList.swift in Sources */ = {isa = PBXBuildFile; fileRef = E0FD2D3D27FD915800DC5405 /* SystemColorsViewList.swift */; };
/* End PBXBuildFile section */

/* Begin PBXContainerItemProxy section */
		E09538A027B36E7B00AAAAAA /* PBXContainerItemProxy */ = {
			isa = PBXContainerItemProxy;
			containerPortal = E095388127B36E7800AAAAAA /* Project object */;
			proxyType = 1;
			remoteGlobalIDString = E095388827B36E7800AAAAAA;
			remoteInfo = darkmodediscovery;
		};
/* End PBXContainerItemProxy section */

/* Begin PBXFileReference section */
		4B62FA7929DC48BE00DF6B85 /* PerseusLogger.swift */ = {isa = PBXFileReference; lastKnownFileType = sourcecode.swift; path = PerseusLogger.swift; sourceTree = "<group>"; };
		4B6B3742298E29B50003AF01 /* AppDelegate.swift */ = {isa = PBXFileReference; lastKnownFileType = sourcecode.swift; path = AppDelegate.swift; sourceTree = "<group>"; };
		4B7EABE9298CC2210063172D /* PerseusUISystemKitSingle.swift */ = {isa = PBXFileReference; lastKnownFileType = sourcecode.swift; path = PerseusUISystemKitSingle.swift; sourceTree = "<group>"; };
		4B7EABED298D6DDF0063172D /* CI.yml */ = {isa = PBXFileReference; fileEncoding = 4; lastKnownFileType = text.yaml; name = CI.yml; path = ../.github/workflows/CI.yml; sourceTree = "<group>"; };
		4B8275552990F70F00C84692 /* DetailsViewController.storyboard */ = {isa = PBXFileReference; lastKnownFileType = file.storyboard; path = DetailsViewController.storyboard; sourceTree = "<group>"; };
		4B8275592992BB1600C84692 /* MemberTableViewCell.xib */ = {isa = PBXFileReference; lastKnownFileType = file.xib; path = MemberTableViewCell.xib; sourceTree = "<group>"; };
		4B82755B29939CD100C84692 /* ColorTableViewCell.swift */ = {isa = PBXFileReference; lastKnownFileType = sourcecode.swift; path = ColorTableViewCell.swift; sourceTree = "<group>"; };
		4B82755C29939CD100C84692 /* ColorTableViewCell.xib */ = {isa = PBXFileReference; lastKnownFileType = file.xib; path = ColorTableViewCell.xib; sourceTree = "<group>"; };
		E02381E427BD3661008A03CA /* SemanticsViewController.storyboard */ = {isa = PBXFileReference; lastKnownFileType = file.storyboard; path = SemanticsViewController.storyboard; sourceTree = "<group>"; };
		E02381E627BD367B008A03CA /* SemanticsViewController.swift */ = {isa = PBXFileReference; lastKnownFileType = sourcecode.swift; path = SemanticsViewController.swift; sourceTree = "<group>"; };
		E03080312859125800E19E30 /* .gitignore */ = {isa = PBXFileReference; fileEncoding = 4; lastKnownFileType = text; name = .gitignore; path = ../.gitignore; sourceTree = "<group>"; };
		E03080332859126100E19E30 /* .swiftlint.yml */ = {isa = PBXFileReference; fileEncoding = 4; lastKnownFileType = text.yaml; name = .swiftlint.yml; path = ../.swiftlint.yml; sourceTree = "<group>"; };
		E03450EF27C368F70071443E /* CustomColors.swift */ = {isa = PBXFileReference; lastKnownFileType = sourcecode.swift; path = CustomColors.swift; sourceTree = "<group>"; };
		E03450F127C36F870071443E /* HelpFunctions.swift */ = {isa = PBXFileReference; lastKnownFileType = sourcecode.swift; path = HelpFunctions.swift; sourceTree = "<group>"; };
		E03786D3280E7BE200C6C1B8 /* Settings.bundle */ = {isa = PBXFileReference; lastKnownFileType = "wrapper.plug-in"; path = Settings.bundle; sourceTree = "<group>"; };
		E0761ADE27BB8BCD009E6AA5 /* DarkModePanel.swift */ = {isa = PBXFileReference; lastKnownFileType = sourcecode.swift; path = DarkModePanel.swift; sourceTree = "<group>"; wrapsLines = 1; };
		E0761AE027BB8BF6009E6AA5 /* DarkModePanel.xib */ = {isa = PBXFileReference; lastKnownFileType = file.xib; path = DarkModePanel.xib; sourceTree = "<group>"; };
		E07727C2280A7E4300D4A3A9 /* SemanticColorsViewList.swift */ = {isa = PBXFileReference; lastKnownFileType = sourcecode.swift; path = SemanticColorsViewList.swift; sourceTree = "<group>"; };
		E07C0F2127BBA00000888456 /* Base */ = {isa = PBXFileReference; lastKnownFileType = file.storyboard; name = Base; path = Base.lproj/MainViewController.storyboard; sourceTree = "<group>"; };
		E09183C027BD495500475D2B /* SystemColorsViewController.swift */ = {isa = PBXFileReference; lastKnownFileType = sourcecode.swift; path = SystemColorsViewController.swift; sourceTree = "<group>"; };
		E09183C427BD4CEF00475D2B /* SemanticColorsViewController.swift */ = {isa = PBXFileReference; lastKnownFileType = sourcecode.swift; path = SemanticColorsViewController.swift; sourceTree = "<group>"; };
		E09183C627BD4D4500475D2B /* DynamicsViewController.swift */ = {isa = PBXFileReference; lastKnownFileType = sourcecode.swift; path = DynamicsViewController.swift; sourceTree = "<group>"; };
		E095388927B36E7800AAAAAA /* DarkModeDiscovery.app */ = {isa = PBXFileReference; explicitFileType = wrapper.application; includeInIndex = 0; path = DarkModeDiscovery.app; sourceTree = BUILT_PRODUCTS_DIR; };
		E095388C27B36E7800AAAAAA /* main.swift */ = {isa = PBXFileReference; lastKnownFileType = sourcecode.swift; path = main.swift; sourceTree = "<group>"; };
		E095389027B36E7800AAAAAA /* MainViewController.swift */ = {isa = PBXFileReference; lastKnownFileType = sourcecode.swift; path = MainViewController.swift; sourceTree = "<group>"; };
		E095389527B36E7B00AAAAAA /* Assets.xcassets */ = {isa = PBXFileReference; lastKnownFileType = folder.assetcatalog; path = Assets.xcassets; sourceTree = "<group>"; };
		E095389827B36E7B00AAAAAA /* Base */ = {isa = PBXFileReference; lastKnownFileType = file.storyboard; name = Base; path = Base.lproj/LaunchScreen.storyboard; sourceTree = "<group>"; };
		E095389A27B36E7B00AAAAAA /* Info.plist */ = {isa = PBXFileReference; lastKnownFileType = text.plist.xml; path = Info.plist; sourceTree = "<group>"; };
		E095389F27B36E7B00AAAAAA /* DarkModeDiscoveryTests.xctest */ = {isa = PBXFileReference; explicitFileType = wrapper.cfbundle; includeInIndex = 0; path = DarkModeDiscoveryTests.xctest; sourceTree = BUILT_PRODUCTS_DIR; };
		E09538A327B36E7B00AAAAAA /* DarkModeDiscoveryTests.swift */ = {isa = PBXFileReference; lastKnownFileType = sourcecode.swift; path = DarkModeDiscoveryTests.swift; sourceTree = "<group>"; };
		E09538A527B36E7B00AAAAAA /* Info.plist */ = {isa = PBXFileReference; lastKnownFileType = text.plist.xml; path = Info.plist; sourceTree = "<group>"; };
		E09538BC27B36E9400AAAAAA /* LICENSE */ = {isa = PBXFileReference; fileEncoding = 4; lastKnownFileType = text; name = LICENSE; path = ../LICENSE; sourceTree = "<group>"; };
		E09538BD27B36E9400AAAAAA /* README.md */ = {isa = PBXFileReference; fileEncoding = 4; lastKnownFileType = net.daringfireball.markdown; name = README.md; path = ../README.md; sourceTree = "<group>"; };
		E09538C027B36ECA00AAAAAA /* TestingAppDelegate.swift */ = {isa = PBXFileReference; lastKnownFileType = sourcecode.swift; path = TestingAppDelegate.swift; sourceTree = "<group>"; };
		E0A0841527FAF4F50010A55D /* HexColorConverter.swift */ = {isa = PBXFileReference; lastKnownFileType = sourcecode.swift; path = HexColorConverter.swift; sourceTree = "<group>"; };
		E0A0841727FAF68A0010A55D /* ColorConverterViewController.swift */ = {isa = PBXFileReference; lastKnownFileType = sourcecode.swift; path = ColorConverterViewController.swift; sourceTree = "<group>"; };
		E0A3581F27B93FA900472F95 /* MemberTableViewCell.swift */ = {isa = PBXFileReference; lastKnownFileType = sourcecode.swift; path = MemberTableViewCell.swift; sourceTree = "<group>"; };
		E0A3582327B9611300472F95 /* DetailsViewController.swift */ = {isa = PBXFileReference; lastKnownFileType = sourcecode.swift; path = DetailsViewController.swift; sourceTree = "<group>"; };
		E0B3CA8127B81D6C00B8CE61 /* members.json */ = {isa = PBXFileReference; fileEncoding = 4; lastKnownFileType = text.json; path = members.json; sourceTree = "<group>"; };
		E0B3CA8227B81D6C00B8CE61 /* Member.swift */ = {isa = PBXFileReference; fileEncoding = 4; lastKnownFileType = sourcecode.swift; path = Member.swift; sourceTree = "<group>"; };
		E0B3CA8327B81D6C00B8CE61 /* Race.swift */ = {isa = PBXFileReference; fileEncoding = 4; lastKnownFileType = sourcecode.swift; path = Race.swift; sourceTree = "<group>"; };
		E0CB98CD2833BE5800EAF403 /* DarkModeFunctions.swift */ = {isa = PBXFileReference; lastKnownFileType = sourcecode.swift; path = DarkModeFunctions.swift; sourceTree = "<group>"; };
		E0FD2D3D27FD915800DC5405 /* SystemColorsViewList.swift */ = {isa = PBXFileReference; lastKnownFileType = sourcecode.swift; path = SystemColorsViewList.swift; sourceTree = "<group>"; };
/* End PBXFileReference section */

/* Begin PBXFrameworksBuildPhase section */
		E095388627B36E7800AAAAAA /* Frameworks */ = {
			isa = PBXFrameworksBuildPhase;
			buildActionMask = 2147483647;
			files = (
			);
			runOnlyForDeploymentPostprocessing = 0;
		};
		E095389C27B36E7B00AAAAAA /* Frameworks */ = {
			isa = PBXFrameworksBuildPhase;
			buildActionMask = 2147483647;
			files = (
			);
			runOnlyForDeploymentPostprocessing = 0;
		};
/* End PBXFrameworksBuildPhase section */

/* Begin PBXGroup section */
		4B7EABE8298CC13A0063172D /* FirstPartyCode */ = {
			isa = PBXGroup;
			children = (
				E03450EF27C368F70071443E /* CustomColors.swift */,
				E03450F127C36F870071443E /* HelpFunctions.swift */,
				E0CB98CD2833BE5800EAF403 /* DarkModeFunctions.swift */,
				4B7EABE9298CC2210063172D /* PerseusUISystemKitSingle.swift */,
				4B62FA7929DC48BE00DF6B85 /* PerseusLogger.swift */,
			);
			path = FirstPartyCode;
			sourceTree = "<group>";
		};
		4B82755F299428F200C84692 /* ColoursLists */ = {
			isa = PBXGroup;
			children = (
				E0FD2D3D27FD915800DC5405 /* SystemColorsViewList.swift */,
				E07727C2280A7E4300D4A3A9 /* SemanticColorsViewList.swift */,
			);
			path = ColoursLists;
			sourceTree = "<group>";
		};
		E0761ADB27BB8960009E6AA5 /* UserControls */ = {
			isa = PBXGroup;
			children = (
				E0761ADE27BB8BCD009E6AA5 /* DarkModePanel.swift */,
				E0761AE027BB8BF6009E6AA5 /* DarkModePanel.xib */,
			);
			path = UserControls;
			sourceTree = "<group>";
		};
		E095388027B36E7800AAAAAA = {
			isa = PBXGroup;
			children = (
				4B7EABED298D6DDF0063172D /* CI.yml */,
				E03080312859125800E19E30 /* .gitignore */,
				E03080332859126100E19E30 /* .swiftlint.yml */,
				E09538BC27B36E9400AAAAAA /* LICENSE */,
				E09538BD27B36E9400AAAAAA /* README.md */,
				E095388B27B36E7800AAAAAA /* DarkModeDiscovery */,
				E09538A227B36E7B00AAAAAA /* DarkModeDiscoveryTests */,
				E095388A27B36E7800AAAAAA /* Products */,
			);
			sourceTree = "<group>";
		};
		E095388A27B36E7800AAAAAA /* Products */ = {
			isa = PBXGroup;
			children = (
				E095388927B36E7800AAAAAA /* DarkModeDiscovery.app */,
				E095389F27B36E7B00AAAAAA /* DarkModeDiscoveryTests.xctest */,
			);
			name = Products;
			sourceTree = "<group>";
		};
		E095388B27B36E7800AAAAAA /* DarkModeDiscovery */ = {
			isa = PBXGroup;
			children = (
				E095388C27B36E7800AAAAAA /* main.swift */,
				E0D0A73827B8012A006D46E8 /* Configuration */,
				E0D0A73927B801DE006D46E8 /* DemoContent */,
			);
			path = DarkModeDiscovery;
			sourceTree = "<group>";
		};
		E09538A227B36E7B00AAAAAA /* DarkModeDiscoveryTests */ = {
			isa = PBXGroup;
			children = (
				E09538A327B36E7B00AAAAAA /* DarkModeDiscoveryTests.swift */,
				E09538C027B36ECA00AAAAAA /* TestingAppDelegate.swift */,
				E09538A527B36E7B00AAAAAA /* Info.plist */,
			);
			path = DarkModeDiscoveryTests;
			sourceTree = "<group>";
		};
		E09932E727BD5B4D009D3564 /* ViewControllers */ = {
			isa = PBXGroup;
			children = (
				E09183C027BD495500475D2B /* SystemColorsViewController.swift */,
				E09183C427BD4CEF00475D2B /* SemanticColorsViewController.swift */,
				E09183C627BD4D4500475D2B /* DynamicsViewController.swift */,
				E0A0841727FAF68A0010A55D /* ColorConverterViewController.swift */,
				4B82755B29939CD100C84692 /* ColorTableViewCell.swift */,
				4B82755C29939CD100C84692 /* ColorTableViewCell.xib */,
			);
			path = ViewControllers;
			sourceTree = "<group>";
		};
		E0A0841427FAF4BA0010A55D /* ThirdPartyCode */ = {
			isa = PBXGroup;
			children = (
				E0A0841527FAF4F50010A55D /* HexColorConverter.swift */,
			);
			path = ThirdPartyCode;
			sourceTree = "<group>";
		};
		E0B3CA8027B81D4200B8CE61 /* Model */ = {
			isa = PBXGroup;
			children = (
				E0B3CA8227B81D6C00B8CE61 /* Member.swift */,
				E0B3CA8127B81D6C00B8CE61 /* members.json */,
				E0B3CA8327B81D6C00B8CE61 /* Race.swift */,
			);
			path = Model;
			sourceTree = "<group>";
		};
		E0D0A73827B8012A006D46E8 /* Configuration */ = {
			isa = PBXGroup;
			children = (
				4B7EABE8298CC13A0063172D /* FirstPartyCode */,
				E0A0841427FAF4BA0010A55D /* ThirdPartyCode */,
				E03786D3280E7BE200C6C1B8 /* Settings.bundle */,
				E095389727B36E7B00AAAAAA /* LaunchScreen.storyboard */,
				E095389527B36E7B00AAAAAA /* Assets.xcassets */,
				E095389A27B36E7B00AAAAAA /* Info.plist */,
				4B6B3742298E29B50003AF01 /* AppDelegate.swift */,
			);
			path = Configuration;
			sourceTree = "<group>";
		};
		E0D0A73927B801DE006D46E8 /* DemoContent */ = {
			isa = PBXGroup;
			children = (
				E0EC065727BD173D007F5E2B /* MainScreen */,
				E0EC065627BD172E007F5E2B /* SemanticToolsScreen */,
				E0761ADB27BB8960009E6AA5 /* UserControls */,
			);
			path = DemoContent;
			sourceTree = "<group>";
		};
		E0EC065627BD172E007F5E2B /* SemanticToolsScreen */ = {
			isa = PBXGroup;
			children = (
				4B82755F299428F200C84692 /* ColoursLists */,
				E09932E727BD5B4D009D3564 /* ViewControllers */,
				E02381E427BD3661008A03CA /* SemanticsViewController.storyboard */,
				E02381E627BD367B008A03CA /* SemanticsViewController.swift */,
			);
			path = SemanticToolsScreen;
			sourceTree = "<group>";
		};
		E0EC065727BD173D007F5E2B /* MainScreen */ = {
			isa = PBXGroup;
			children = (
				E07C0F2027BBA00000888456 /* MainViewController.storyboard */,
				4B8275552990F70F00C84692 /* DetailsViewController.storyboard */,
				4B8275592992BB1600C84692 /* MemberTableViewCell.xib */,
				E095389027B36E7800AAAAAA /* MainViewController.swift */,
				E0A3582327B9611300472F95 /* DetailsViewController.swift */,
				E0A3581F27B93FA900472F95 /* MemberTableViewCell.swift */,
				E0B3CA8027B81D4200B8CE61 /* Model */,
			);
			path = MainScreen;
			sourceTree = "<group>";
		};
/* End PBXGroup section */

/* Begin PBXNativeTarget section */
		E095388827B36E7800AAAAAA /* DarkModeDiscovery */ = {
			isa = PBXNativeTarget;
			buildConfigurationList = E09538B327B36E7B00AAAAAA /* Build configuration list for PBXNativeTarget "DarkModeDiscovery" */;
			buildPhases = (
				E095388527B36E7800AAAAAA /* Sources */,
				E095388627B36E7800AAAAAA /* Frameworks */,
				E095388727B36E7800AAAAAA /* Resources */,
				E030803028590F8B00E19E30 /* ShellScript */,
			);
			buildRules = (
			);
			dependencies = (
			);
			name = DarkModeDiscovery;
			packageProductDependencies = (
			);
			productName = darkmodediscovery;
			productReference = E095388927B36E7800AAAAAA /* DarkModeDiscovery.app */;
			productType = "com.apple.product-type.application";
		};
		E095389E27B36E7B00AAAAAA /* DarkModeDiscoveryTests */ = {
			isa = PBXNativeTarget;
			buildConfigurationList = E09538B627B36E7B00AAAAAA /* Build configuration list for PBXNativeTarget "DarkModeDiscoveryTests" */;
			buildPhases = (
				E095389B27B36E7B00AAAAAA /* Sources */,
				E095389C27B36E7B00AAAAAA /* Frameworks */,
				E095389D27B36E7B00AAAAAA /* Resources */,
			);
			buildRules = (
			);
			dependencies = (
				E09538A127B36E7B00AAAAAA /* PBXTargetDependency */,
			);
			name = DarkModeDiscoveryTests;
			productName = darkmodediscoveryTests;
			productReference = E095389F27B36E7B00AAAAAA /* DarkModeDiscoveryTests.xctest */;
			productType = "com.apple.product-type.bundle.unit-test";
		};
/* End PBXNativeTarget section */

/* Begin PBXProject section */
		E095388127B36E7800AAAAAA /* Project object */ = {
			isa = PBXProject;
			attributes = {
				LastSwiftUpdateCheck = 1250;
				LastUpgradeCheck = 1340;
				TargetAttributes = {
					E095388827B36E7800AAAAAA = {
						CreatedOnToolsVersion = 12.5;
					};
					E095389E27B36E7B00AAAAAA = {
						CreatedOnToolsVersion = 12.5;
						TestTargetID = E095388827B36E7800AAAAAA;
					};
				};
			};
			buildConfigurationList = E095388427B36E7800AAAAAA /* Build configuration list for PBXProject "DarkModeDiscovery" */;
			compatibilityVersion = "Xcode 10.0";
			developmentRegion = en;
			hasScannedForEncodings = 0;
			knownRegions = (
				en,
				Base,
			);
			mainGroup = E095388027B36E7800AAAAAA;
			packageReferences = (
			);
			productRefGroup = E095388A27B36E7800AAAAAA /* Products */;
			projectDirPath = "";
			projectRoot = "";
			targets = (
				E095388827B36E7800AAAAAA /* DarkModeDiscovery */,
				E095389E27B36E7B00AAAAAA /* DarkModeDiscoveryTests */,
			);
		};
/* End PBXProject section */

/* Begin PBXResourcesBuildPhase section */
		E095388727B36E7800AAAAAA /* Resources */ = {
			isa = PBXResourcesBuildPhase;
			buildActionMask = 2147483647;
			files = (
				4B7EABEE298D6DDF0063172D /* CI.yml in Resources */,
				4B82755A2992BB1600C84692 /* MemberTableViewCell.xib in Resources */,
				E03080342859126100E19E30 /* .swiftlint.yml in Resources */,
				E07C0F2227BBA00000888456 /* MainViewController.storyboard in Resources */,
				E095389927B36E7B00AAAAAA /* LaunchScreen.storyboard in Resources */,
				E03786D4280E7BE200C6C1B8 /* Settings.bundle in Resources */,
				E0761AE127BB8BF6009E6AA5 /* DarkModePanel.xib in Resources */,
				4B8275562990F70F00C84692 /* DetailsViewController.storyboard in Resources */,
				E03080322859125800E19E30 /* .gitignore in Resources */,
				E02381E527BD3661008A03CA /* SemanticsViewController.storyboard in Resources */,
				E095389627B36E7B00AAAAAA /* Assets.xcassets in Resources */,
				E09538BF27B36E9400AAAAAA /* README.md in Resources */,
				E0B3CA8427B81D6C00B8CE61 /* members.json in Resources */,
				E09538BE27B36E9400AAAAAA /* LICENSE in Resources */,
				4B82755E29939CD100C84692 /* ColorTableViewCell.xib in Resources */,
			);
			runOnlyForDeploymentPostprocessing = 0;
		};
		E095389D27B36E7B00AAAAAA /* Resources */ = {
			isa = PBXResourcesBuildPhase;
			buildActionMask = 2147483647;
			files = (
			);
			runOnlyForDeploymentPostprocessing = 0;
		};
/* End PBXResourcesBuildPhase section */

/* Begin PBXShellScriptBuildPhase section */
		E030803028590F8B00E19E30 /* ShellScript */ = {
			isa = PBXShellScriptBuildPhase;
			buildActionMask = 2147483647;
			files = (
			);
			inputFileListPaths = (
			);
			inputPaths = (
			);
			outputFileListPaths = (
			);
			outputPaths = (
			);
			runOnlyForDeploymentPostprocessing = 0;
			shellPath = /bin/sh;
			shellScript = "# SwiftLint works.\n\nif [ \"${CONFIGURATION}\" = \"Debug\" ]; then\nif which swiftlint >/dev/null; then\nswiftlint --config \"../.swiftlint.yml\"\nelse\necho \"warning: SwiftLint not installed, download from https://github.com/realm/SwiftLint\"\nfi\nfi\n";
		};
/* End PBXShellScriptBuildPhase section */

/* Begin PBXSourcesBuildPhase section */
		E095388527B36E7800AAAAAA /* Sources */ = {
			isa = PBXSourcesBuildPhase;
			buildActionMask = 2147483647;
			files = (
				E0761ADF27BB8BCD009E6AA5 /* DarkModePanel.swift in Sources */,
				E0A3582027B93FA900472F95 /* MemberTableViewCell.swift in Sources */,
				E0B3CA8627B81D6C00B8CE61 /* Race.swift in Sources */,
				E09183C527BD4CEF00475D2B /* SemanticColorsViewController.swift in Sources */,
				E0FD2D3E27FD915800DC5405 /* SystemColorsViewList.swift in Sources */,
				E09183C727BD4D4500475D2B /* DynamicsViewController.swift in Sources */,
				E09183C127BD495500475D2B /* SystemColorsViewController.swift in Sources */,
				E095389127B36E7800AAAAAA /* MainViewController.swift in Sources */,
				E0B3CA8527B81D6C00B8CE61 /* Member.swift in Sources */,
				E095388D27B36E7800AAAAAA /* main.swift in Sources */,
				E0A3582427B9611300472F95 /* DetailsViewController.swift in Sources */,
				E0A0841627FAF4F50010A55D /* HexColorConverter.swift in Sources */,
				4B7EABEA298CC2210063172D /* PerseusUISystemKitSingle.swift in Sources */,
				E07727C3280A7E4300D4A3A9 /* SemanticColorsViewList.swift in Sources */,
				E03450F027C368F70071443E /* CustomColors.swift in Sources */,
				4B62FA7A29DC48BE00DF6B85 /* PerseusLogger.swift in Sources */,
				4B82755D29939CD100C84692 /* ColorTableViewCell.swift in Sources */,
				E02381E727BD367B008A03CA /* SemanticsViewController.swift in Sources */,
				E0CB98CE2833BE5800EAF403 /* DarkModeFunctions.swift in Sources */,
				E0A0841827FAF68A0010A55D /* ColorConverterViewController.swift in Sources */,
				E03450F227C36F870071443E /* HelpFunctions.swift in Sources */,
				4B6B3743298E29B50003AF01 /* AppDelegate.swift in Sources */,
			);
			runOnlyForDeploymentPostprocessing = 0;
		};
		E095389B27B36E7B00AAAAAA /* Sources */ = {
			isa = PBXSourcesBuildPhase;
			buildActionMask = 2147483647;
			files = (
				E09538A427B36E7B00AAAAAA /* DarkModeDiscoveryTests.swift in Sources */,
				E09538C127B36ECA00AAAAAA /* TestingAppDelegate.swift in Sources */,
			);
			runOnlyForDeploymentPostprocessing = 0;
		};
/* End PBXSourcesBuildPhase section */

/* Begin PBXTargetDependency section */
		E09538A127B36E7B00AAAAAA /* PBXTargetDependency */ = {
			isa = PBXTargetDependency;
			target = E095388827B36E7800AAAAAA /* DarkModeDiscovery */;
			targetProxy = E09538A027B36E7B00AAAAAA /* PBXContainerItemProxy */;
		};
/* End PBXTargetDependency section */

/* Begin PBXVariantGroup section */
		E07C0F2027BBA00000888456 /* MainViewController.storyboard */ = {
			isa = PBXVariantGroup;
			children = (
				E07C0F2127BBA00000888456 /* Base */,
			);
			name = MainViewController.storyboard;
			sourceTree = "<group>";
		};
		E095389727B36E7B00AAAAAA /* LaunchScreen.storyboard */ = {
			isa = PBXVariantGroup;
			children = (
				E095389827B36E7B00AAAAAA /* Base */,
			);
			name = LaunchScreen.storyboard;
			sourceTree = "<group>";
		};
/* End PBXVariantGroup section */

/* Begin XCBuildConfiguration section */
		E09538B127B36E7B00AAAAAA /* Debug */ = {
			isa = XCBuildConfiguration;
			buildSettings = {
				ALWAYS_SEARCH_USER_PATHS = NO;
				CLANG_ANALYZER_NONNULL = YES;
				CLANG_ANALYZER_NUMBER_OBJECT_CONVERSION = YES_AGGRESSIVE;
				CLANG_CXX_LANGUAGE_STANDARD = "gnu++14";
				CLANG_CXX_LIBRARY = "libc++";
				CLANG_ENABLE_MODULES = YES;
				CLANG_ENABLE_OBJC_ARC = YES;
				CLANG_ENABLE_OBJC_WEAK = YES;
				CLANG_WARN_BLOCK_CAPTURE_AUTORELEASING = YES;
				CLANG_WARN_BOOL_CONVERSION = YES;
				CLANG_WARN_COMMA = YES;
				CLANG_WARN_CONSTANT_CONVERSION = YES;
				CLANG_WARN_DEPRECATED_OBJC_IMPLEMENTATIONS = YES;
				CLANG_WARN_DIRECT_OBJC_ISA_USAGE = YES_ERROR;
				CLANG_WARN_DOCUMENTATION_COMMENTS = YES;
				CLANG_WARN_EMPTY_BODY = YES;
				CLANG_WARN_ENUM_CONVERSION = YES;
				CLANG_WARN_INFINITE_RECURSION = YES;
				CLANG_WARN_INT_CONVERSION = YES;
				CLANG_WARN_NON_LITERAL_NULL_CONVERSION = YES;
				CLANG_WARN_OBJC_IMPLICIT_RETAIN_SELF = YES;
				CLANG_WARN_OBJC_LITERAL_CONVERSION = YES;
				CLANG_WARN_OBJC_ROOT_CLASS = YES_ERROR;
				CLANG_WARN_QUOTED_INCLUDE_IN_FRAMEWORK_HEADER = YES;
				CLANG_WARN_RANGE_LOOP_ANALYSIS = YES;
				CLANG_WARN_STRICT_PROTOTYPES = YES;
				CLANG_WARN_SUSPICIOUS_MOVE = YES;
				CLANG_WARN_UNGUARDED_AVAILABILITY = YES_AGGRESSIVE;
				CLANG_WARN_UNREACHABLE_CODE = YES;
				CLANG_WARN__DUPLICATE_METHOD_MATCH = YES;
				COPY_PHASE_STRIP = NO;
				DEBUG_INFORMATION_FORMAT = dwarf;
				ENABLE_STRICT_OBJC_MSGSEND = YES;
				ENABLE_TESTABILITY = YES;
				GCC_C_LANGUAGE_STANDARD = gnu11;
				GCC_DYNAMIC_NO_PIC = NO;
				GCC_NO_COMMON_BLOCKS = YES;
				GCC_OPTIMIZATION_LEVEL = 0;
				GCC_PREPROCESSOR_DEFINITIONS = (
					"DEBUG=1",
					"$(inherited)",
				);
				GCC_WARN_64_TO_32_BIT_CONVERSION = YES;
				GCC_WARN_ABOUT_RETURN_TYPE = YES_ERROR;
				GCC_WARN_UNDECLARED_SELECTOR = YES;
				GCC_WARN_UNINITIALIZED_AUTOS = YES_AGGRESSIVE;
				GCC_WARN_UNUSED_FUNCTION = YES;
				GCC_WARN_UNUSED_VARIABLE = YES;
				IPHONEOS_DEPLOYMENT_TARGET = 9.3;
				MTL_ENABLE_DEBUG_INFO = INCLUDE_SOURCE;
				MTL_FAST_MATH = YES;
				ONLY_ACTIVE_ARCH = YES;
				SDKROOT = iphoneos;
				SWIFT_ACTIVE_COMPILATION_CONDITIONS = DEBUG;
				SWIFT_OPTIMIZATION_LEVEL = "-Onone";
				SWIFT_VERSION = 4.2;
			};
			name = Debug;
		};
		E09538B227B36E7B00AAAAAA /* Release */ = {
			isa = XCBuildConfiguration;
			buildSettings = {
				ALWAYS_SEARCH_USER_PATHS = NO;
				CLANG_ANALYZER_NONNULL = YES;
				CLANG_ANALYZER_NUMBER_OBJECT_CONVERSION = YES_AGGRESSIVE;
				CLANG_CXX_LANGUAGE_STANDARD = "gnu++14";
				CLANG_CXX_LIBRARY = "libc++";
				CLANG_ENABLE_MODULES = YES;
				CLANG_ENABLE_OBJC_ARC = YES;
				CLANG_ENABLE_OBJC_WEAK = YES;
				CLANG_WARN_BLOCK_CAPTURE_AUTORELEASING = YES;
				CLANG_WARN_BOOL_CONVERSION = YES;
				CLANG_WARN_COMMA = YES;
				CLANG_WARN_CONSTANT_CONVERSION = YES;
				CLANG_WARN_DEPRECATED_OBJC_IMPLEMENTATIONS = YES;
				CLANG_WARN_DIRECT_OBJC_ISA_USAGE = YES_ERROR;
				CLANG_WARN_DOCUMENTATION_COMMENTS = YES;
				CLANG_WARN_EMPTY_BODY = YES;
				CLANG_WARN_ENUM_CONVERSION = YES;
				CLANG_WARN_INFINITE_RECURSION = YES;
				CLANG_WARN_INT_CONVERSION = YES;
				CLANG_WARN_NON_LITERAL_NULL_CONVERSION = YES;
				CLANG_WARN_OBJC_IMPLICIT_RETAIN_SELF = YES;
				CLANG_WARN_OBJC_LITERAL_CONVERSION = YES;
				CLANG_WARN_OBJC_ROOT_CLASS = YES_ERROR;
				CLANG_WARN_QUOTED_INCLUDE_IN_FRAMEWORK_HEADER = YES;
				CLANG_WARN_RANGE_LOOP_ANALYSIS = YES;
				CLANG_WARN_STRICT_PROTOTYPES = YES;
				CLANG_WARN_SUSPICIOUS_MOVE = YES;
				CLANG_WARN_UNGUARDED_AVAILABILITY = YES_AGGRESSIVE;
				CLANG_WARN_UNREACHABLE_CODE = YES;
				CLANG_WARN__DUPLICATE_METHOD_MATCH = YES;
				COPY_PHASE_STRIP = NO;
				DEBUG_INFORMATION_FORMAT = "dwarf-with-dsym";
				ENABLE_NS_ASSERTIONS = NO;
				ENABLE_STRICT_OBJC_MSGSEND = YES;
				GCC_C_LANGUAGE_STANDARD = gnu11;
				GCC_NO_COMMON_BLOCKS = YES;
				GCC_WARN_64_TO_32_BIT_CONVERSION = YES;
				GCC_WARN_ABOUT_RETURN_TYPE = YES_ERROR;
				GCC_WARN_UNDECLARED_SELECTOR = YES;
				GCC_WARN_UNINITIALIZED_AUTOS = YES_AGGRESSIVE;
				GCC_WARN_UNUSED_FUNCTION = YES;
				GCC_WARN_UNUSED_VARIABLE = YES;
				IPHONEOS_DEPLOYMENT_TARGET = 9.3;
				MTL_ENABLE_DEBUG_INFO = NO;
				MTL_FAST_MATH = YES;
				SDKROOT = iphoneos;
				SWIFT_COMPILATION_MODE = wholemodule;
				SWIFT_OPTIMIZATION_LEVEL = "-O";
				SWIFT_VERSION = 4.2;
				VALIDATE_PRODUCT = YES;
			};
			name = Release;
		};
		E09538B427B36E7B00AAAAAA /* Debug */ = {
			isa = XCBuildConfiguration;
			buildSettings = {
				ASSETCATALOG_COMPILER_APPICON_NAME = AppIcon;
				ASSETCATALOG_COMPILER_GLOBAL_ACCENT_COLOR_NAME = AccentColor;
				CODE_SIGN_STYLE = Automatic;
				DEVELOPMENT_TEAM = 6DRVN4F88C;
				INFOPLIST_FILE = darkmodediscovery/configuration/Info.plist;
				LD_RUNPATH_SEARCH_PATHS = (
					"$(inherited)",
					"@executable_path/Frameworks",
				);
				MACOSX_DEPLOYMENT_TARGET = "";
				PRODUCT_BUNDLE_IDENTIFIER = com.perseus.lab.darkmodediscovery;
				PRODUCT_NAME = "$(TARGET_NAME)";
				SWIFT_VERSION = 4.2;
				TARGETED_DEVICE_FAMILY = 1;
				TVOS_DEPLOYMENT_TARGET = "";
				WATCHOS_DEPLOYMENT_TARGET = "";
			};
			name = Debug;
		};
		E09538B527B36E7B00AAAAAA /* Release */ = {
			isa = XCBuildConfiguration;
			buildSettings = {
				ASSETCATALOG_COMPILER_APPICON_NAME = AppIcon;
				ASSETCATALOG_COMPILER_GLOBAL_ACCENT_COLOR_NAME = AccentColor;
				CODE_SIGN_STYLE = Automatic;
				DEVELOPMENT_TEAM = 6DRVN4F88C;
				ENABLE_TESTABILITY = YES;
				INFOPLIST_FILE = darkmodediscovery/configuration/Info.plist;
				LD_RUNPATH_SEARCH_PATHS = (
					"$(inherited)",
					"@executable_path/Frameworks",
				);
				MACOSX_DEPLOYMENT_TARGET = "";
				PRODUCT_BUNDLE_IDENTIFIER = com.perseus.lab.darkmodediscovery;
				PRODUCT_NAME = "$(TARGET_NAME)";
				SWIFT_VERSION = 4.2;
				TARGETED_DEVICE_FAMILY = 1;
				TVOS_DEPLOYMENT_TARGET = "";
				WATCHOS_DEPLOYMENT_TARGET = "";
			};
			name = Release;
		};
		E09538B727B36E7B00AAAAAA /* Debug */ = {
			isa = XCBuildConfiguration;
			buildSettings = {
				ALWAYS_EMBED_SWIFT_STANDARD_LIBRARIES = YES;
				BUNDLE_LOADER = "$(TEST_HOST)";
				CODE_SIGN_STYLE = Automatic;
				DEVELOPMENT_TEAM = 6DRVN4F88C;
				INFOPLIST_FILE = darkmodediscoveryTests/Info.plist;
				IPHONEOS_DEPLOYMENT_TARGET = 9.3;
				LD_RUNPATH_SEARCH_PATHS = (
					"$(inherited)",
					"@executable_path/Frameworks",
					"@loader_path/Frameworks",
				);
				PRODUCT_BUNDLE_IDENTIFIER = com.perseus.lab.darkmodediscoveryTests;
				PRODUCT_NAME = "$(TARGET_NAME)";
				SWIFT_VERSION = 4.2;
				TARGETED_DEVICE_FAMILY = "1,2";
				TEST_HOST = "$(BUILT_PRODUCTS_DIR)/DarkModeDiscovery.app/DarkModeDiscovery";
			};
			name = Debug;
		};
		E09538B827B36E7B00AAAAAA /* Release */ = {
			isa = XCBuildConfiguration;
			buildSettings = {
				ALWAYS_EMBED_SWIFT_STANDARD_LIBRARIES = YES;
				BUNDLE_LOADER = "$(TEST_HOST)";
				CODE_SIGN_STYLE = Automatic;
				DEVELOPMENT_TEAM = 6DRVN4F88C;
				INFOPLIST_FILE = darkmodediscoveryTests/Info.plist;
				IPHONEOS_DEPLOYMENT_TARGET = 9.3;
				LD_RUNPATH_SEARCH_PATHS = (
					"$(inherited)",
					"@executable_path/Frameworks",
					"@loader_path/Frameworks",
				);
				PRODUCT_BUNDLE_IDENTIFIER = com.perseus.lab.darkmodediscoveryTests;
				PRODUCT_NAME = "$(TARGET_NAME)";
				SWIFT_VERSION = 4.2;
				TARGETED_DEVICE_FAMILY = "1,2";
				TEST_HOST = "$(BUILT_PRODUCTS_DIR)/DarkModeDiscovery.app/DarkModeDiscovery";
			};
			name = Release;
		};
/* End XCBuildConfiguration section */

/* Begin XCConfigurationList section */
		E095388427B36E7800AAAAAA /* Build configuration list for PBXProject "DarkModeDiscovery" */ = {
			isa = XCConfigurationList;
			buildConfigurations = (
				E09538B127B36E7B00AAAAAA /* Debug */,
				E09538B227B36E7B00AAAAAA /* Release */,
			);
			defaultConfigurationIsVisible = 0;
			defaultConfigurationName = Release;
		};
		E09538B327B36E7B00AAAAAA /* Build configuration list for PBXNativeTarget "DarkModeDiscovery" */ = {
			isa = XCConfigurationList;
			buildConfigurations = (
				E09538B427B36E7B00AAAAAA /* Debug */,
				E09538B527B36E7B00AAAAAA /* Release */,
			);
			defaultConfigurationIsVisible = 0;
			defaultConfigurationName = Release;
		};
		E09538B627B36E7B00AAAAAA /* Build configuration list for PBXNativeTarget "DarkModeDiscoveryTests" */ = {
			isa = XCConfigurationList;
			buildConfigurations = (
				E09538B727B36E7B00AAAAAA /* Debug */,
				E09538B827B36E7B00AAAAAA /* Release */,
			);
			defaultConfigurationIsVisible = 0;
			defaultConfigurationName = Release;
		};
/* End XCConfigurationList section */
	};
	rootObject = E095388127B36E7800AAAAAA /* Project object */;
}
