{
  "object": {
    "pins": [
      {
        "package": "Dark Mode",
        "repositoryURL": "https://github.com/perseusrealdeal/DarkMode.git",
        "state": {
          "branch": null,
          "revision": "e8799a445dbf18f9b172f62969871219fa89be1a",
          "version": "1.0.0-beta.4"
        }
      }
    ]
  },
  "version": 1
}
