{
  "object": {
    "pins": [
      {
        "package": "Dark Mode",
        "repositoryURL": "https://github.com/perseusrealdeal/DarkMode.git",
        "state": {
          "branch": null,
          "revision": "16c1ee357537f4ab45f3a0463ebb2a8561dcb95d",
          "version": "1.0.0-beta.1"
        }
      }
    ]
  },
  "version": 1
}
