{
  "pins" : [
    {
      "identity" : "darkmode",
      "kind" : "remoteSourceControl",
      "location" : "https://github.com/perseusrealdeal/DarkMode.git",
      "state" : {
        "revision" : "fe60b93f3cdcc7c99cf98a46391483ab28fd5393",
        "version" : "1.0.0"
      }
    }
  ],
  "version" : 2
}
